// !$*UTF8*$!
{
	archiveVersion = 1;
	classes = {
	};
	objectVersion = 46;
	objects = {

/* Begin PBXBuildFile section */
		C0158B9F1A8A9B52007F87AB /* Main.storyboard in Resources */ = {isa = PBXBuildFile; fileRef = C0158B9D1A8A9B52007F87AB /* Main.storyboard */; };
		C0158BA11A8A9B52007F87AB /* Images.xcassets in Resources */ = {isa = PBXBuildFile; fileRef = C0158BA01A8A9B52007F87AB /* Images.xcassets */; };
		C0158BA41A8A9B52007F87AB /* LaunchScreen.xib in Resources */ = {isa = PBXBuildFile; fileRef = C0158BA21A8A9B52007F87AB /* LaunchScreen.xib */; };
		C0158BB01A8A9B52007F87AB /* RespiremosJuntosTests.swift in Sources */ = {isa = PBXBuildFile; fileRef = C0158BAF1A8A9B52007F87AB /* RespiremosJuntosTests.swift */; };
		C0158BBC1A8AA98A007F87AB /* MensajesViewController.swift in Sources */ = {isa = PBXBuildFile; fileRef = C0158BBB1A8AA98A007F87AB /* MensajesViewController.swift */; };
		C0158BBE1A8AAFD1007F87AB /* MensajeCell.swift in Sources */ = {isa = PBXBuildFile; fileRef = C0158BBD1A8AAFD1007F87AB /* MensajeCell.swift */; };
		C06CEB981A8C169100A71DA1 /* FacebookSDK.framework in Frameworks */ = {isa = PBXBuildFile; fileRef = C06CEB971A8C169100A71DA1 /* FacebookSDK.framework */; };
		C06CEB9A1A8CFDF900A71DA1 /* ParseFacebookUtils.framework in Frameworks */ = {isa = PBXBuildFile; fileRef = C06CEB991A8CFDF900A71DA1 /* ParseFacebookUtils.framework */; };
		C0C4F44C1A8D5D5300E4621C /* LoginViewController.swift in Sources */ = {isa = PBXBuildFile; fileRef = C0C4F44B1A8D5D5300E4621C /* LoginViewController.swift */; };
		C0C4F44E1A8D5DB200E4621C /* BeneficiosViewController.swift in Sources */ = {isa = PBXBuildFile; fileRef = C0C4F44D1A8D5DB200E4621C /* BeneficiosViewController.swift */; };
		C0C4F4501A8D5E1D00E4621C /* LugaresViewController.swift in Sources */ = {isa = PBXBuildFile; fileRef = C0C4F44F1A8D5E1D00E4621C /* LugaresViewController.swift */; };
		C0C4F4521A8D5EC600E4621C /* AgregarAmigosViewController.swift in Sources */ = {isa = PBXBuildFile; fileRef = C0C4F4511A8D5EC600E4621C /* AgregarAmigosViewController.swift */; };
		C0C4F4541A8D5F0F00E4621C /* AppDelegate.swift in Sources */ = {isa = PBXBuildFile; fileRef = C0C4F4531A8D5F0F00E4621C /* AppDelegate.swift */; };
		C0C4F4591A8D612800E4621C /* AmigosViewController.swift in Sources */ = {isa = PBXBuildFile; fileRef = C0C4F4581A8D612800E4621C /* AmigosViewController.swift */; };
		C0C4F45B1A8D632D00E4621C /* EnviarMensajesViewController.swift in Sources */ = {isa = PBXBuildFile; fileRef = C0C4F45A1A8D632D00E4621C /* EnviarMensajesViewController.swift */; };
		C0CFD2AC1A8BEFEA006C0446 /* CFNetwork.framework in Frameworks */ = {isa = PBXBuildFile; fileRef = C0CFD2AB1A8BEFEA006C0446 /* CFNetwork.framework */; };
		C0CFD2AE1A8BEFF6006C0446 /* CoreGraphics.framework in Frameworks */ = {isa = PBXBuildFile; fileRef = C0CFD2AD1A8BEFF6006C0446 /* CoreGraphics.framework */; };
		C0CFD2B01A8BEFFF006C0446 /* CoreLocation.framework in Frameworks */ = {isa = PBXBuildFile; fileRef = C0CFD2AF1A8BEFFF006C0446 /* CoreLocation.framework */; };
		C0CFD2B21A8BF00D006C0446 /* MobileCoreServices.framework in Frameworks */ = {isa = PBXBuildFile; fileRef = C0CFD2B11A8BF00D006C0446 /* MobileCoreServices.framework */; };
		C0CFD2B41A8BF03D006C0446 /* QuartzCore.framework in Frameworks */ = {isa = PBXBuildFile; fileRef = C0CFD2B31A8BF03D006C0446 /* QuartzCore.framework */; };
		C0CFD2B61A8BF044006C0446 /* Security.framework in Frameworks */ = {isa = PBXBuildFile; fileRef = C0CFD2B51A8BF044006C0446 /* Security.framework */; };
		C0CFD2B81A8BF04E006C0446 /* StoreKit.framework in Frameworks */ = {isa = PBXBuildFile; fileRef = C0CFD2B71A8BF04E006C0446 /* StoreKit.framework */; };
		C0CFD2BA1A8BF058006C0446 /* SystemConfiguration.framework in Frameworks */ = {isa = PBXBuildFile; fileRef = C0CFD2B91A8BF058006C0446 /* SystemConfiguration.framework */; };
		C0CFD2BC1A8BF069006C0446 /* libz.dylib in Frameworks */ = {isa = PBXBuildFile; fileRef = C0CFD2BB1A8BF069006C0446 /* libz.dylib */; };
		C0CFD2BE1A8BF076006C0446 /* libsqlite3.dylib in Frameworks */ = {isa = PBXBuildFile; fileRef = C0CFD2BD1A8BF076006C0446 /* libsqlite3.dylib */; };
		C0CFD2BF1A8BF07D006C0446 /* AudioToolbox.framework in Frameworks */ = {isa = PBXBuildFile; fileRef = C0CFD2A81A8BEFAF006C0446 /* AudioToolbox.framework */; };
		C0CFD2C21A8BF08C006C0446 /* Bolts.framework in Frameworks */ = {isa = PBXBuildFile; fileRef = C0CFD2C01A8BF08C006C0446 /* Bolts.framework */; };
		C0CFD2C31A8BF08D006C0446 /* Parse.framework in Frameworks */ = {isa = PBXBuildFile; fileRef = C0CFD2C11A8BF08C006C0446 /* Parse.framework */; };
/* End PBXBuildFile section */

/* Begin PBXContainerItemProxy section */
		C0158BAA1A8A9B52007F87AB /* PBXContainerItemProxy */ = {
			isa = PBXContainerItemProxy;
			containerPortal = C0158B8A1A8A9B52007F87AB /* Project object */;
			proxyType = 1;
			remoteGlobalIDString = C0158B911A8A9B52007F87AB;
			remoteInfo = RespiremosJuntos;
		};
/* End PBXContainerItemProxy section */

/* Begin PBXFileReference section */
		C0158B921A8A9B52007F87AB /* RespiremosJuntos.app */ = {isa = PBXFileReference; explicitFileType = wrapper.application; includeInIndex = 0; path = RespiremosJuntos.app; sourceTree = BUILT_PRODUCTS_DIR; };
		C0158B961A8A9B52007F87AB /* Info.plist */ = {isa = PBXFileReference; lastKnownFileType = text.plist.xml; path = Info.plist; sourceTree = "<group>"; };
		C0158B9E1A8A9B52007F87AB /* Base */ = {isa = PBXFileReference; lastKnownFileType = file.storyboard; name = Base; path = Base.lproj/Main.storyboard; sourceTree = "<group>"; };
		C0158BA01A8A9B52007F87AB /* Images.xcassets */ = {isa = PBXFileReference; lastKnownFileType = folder.assetcatalog; path = Images.xcassets; sourceTree = "<group>"; };
		C0158BA31A8A9B52007F87AB /* Base */ = {isa = PBXFileReference; lastKnownFileType = file.xib; name = Base; path = Base.lproj/LaunchScreen.xib; sourceTree = "<group>"; };
		C0158BA91A8A9B52007F87AB /* RespiremosJuntosTests.xctest */ = {isa = PBXFileReference; explicitFileType = wrapper.cfbundle; includeInIndex = 0; path = RespiremosJuntosTests.xctest; sourceTree = BUILT_PRODUCTS_DIR; };
		C0158BAE1A8A9B52007F87AB /* Info.plist */ = {isa = PBXFileReference; lastKnownFileType = text.plist.xml; path = Info.plist; sourceTree = "<group>"; };
		C0158BAF1A8A9B52007F87AB /* RespiremosJuntosTests.swift */ = {isa = PBXFileReference; lastKnownFileType = sourcecode.swift; path = RespiremosJuntosTests.swift; sourceTree = "<group>"; };
		C0158BBB1A8AA98A007F87AB /* MensajesViewController.swift */ = {isa = PBXFileReference; fileEncoding = 4; lastKnownFileType = sourcecode.swift; path = MensajesViewController.swift; sourceTree = "<group>"; };
		C0158BBD1A8AAFD1007F87AB /* MensajeCell.swift */ = {isa = PBXFileReference; fileEncoding = 4; lastKnownFileType = sourcecode.swift; path = MensajeCell.swift; sourceTree = "<group>"; };
		C06CEB971A8C169100A71DA1 /* FacebookSDK.framework */ = {isa = PBXFileReference; lastKnownFileType = wrapper.framework; name = FacebookSDK.framework; path = ../../../Documents/FacebookSDK/FacebookSDK.framework; sourceTree = "<group>"; };
		C06CEB991A8CFDF900A71DA1 /* ParseFacebookUtils.framework */ = {isa = PBXFileReference; lastKnownFileType = wrapper.framework; path = ParseFacebookUtils.framework; sourceTree = "<group>"; };
		C0C4F44B1A8D5D5300E4621C /* LoginViewController.swift */ = {isa = PBXFileReference; fileEncoding = 4; lastKnownFileType = sourcecode.swift; path = LoginViewController.swift; sourceTree = "<group>"; };
		C0C4F44D1A8D5DB200E4621C /* BeneficiosViewController.swift */ = {isa = PBXFileReference; fileEncoding = 4; lastKnownFileType = sourcecode.swift; path = BeneficiosViewController.swift; sourceTree = "<group>"; };
		C0C4F44F1A8D5E1D00E4621C /* LugaresViewController.swift */ = {isa = PBXFileReference; fileEncoding = 4; lastKnownFileType = sourcecode.swift; path = LugaresViewController.swift; sourceTree = "<group>"; };
		C0C4F4511A8D5EC600E4621C /* AgregarAmigosViewController.swift */ = {isa = PBXFileReference; fileEncoding = 4; lastKnownFileType = sourcecode.swift; path = AgregarAmigosViewController.swift; sourceTree = "<group>"; };
		C0C4F4531A8D5F0F00E4621C /* AppDelegate.swift */ = {isa = PBXFileReference; fileEncoding = 4; lastKnownFileType = sourcecode.swift; path = AppDelegate.swift; sourceTree = "<group>"; };
		C0C4F4581A8D612800E4621C /* AmigosViewController.swift */ = {isa = PBXFileReference; fileEncoding = 4; lastKnownFileType = sourcecode.swift; path = AmigosViewController.swift; sourceTree = "<group>"; };
		C0C4F45A1A8D632D00E4621C /* EnviarMensajesViewController.swift */ = {isa = PBXFileReference; fileEncoding = 4; lastKnownFileType = sourcecode.swift; path = EnviarMensajesViewController.swift; sourceTree = "<group>"; };
		C0CFD2A81A8BEFAF006C0446 /* AudioToolbox.framework */ = {isa = PBXFileReference; lastKnownFileType = wrapper.framework; name = AudioToolbox.framework; path = System/Library/Frameworks/AudioToolbox.framework; sourceTree = SDKROOT; };
		C0CFD2AB1A8BEFEA006C0446 /* CFNetwork.framework */ = {isa = PBXFileReference; lastKnownFileType = wrapper.framework; name = CFNetwork.framework; path = System/Library/Frameworks/CFNetwork.framework; sourceTree = SDKROOT; };
		C0CFD2AD1A8BEFF6006C0446 /* CoreGraphics.framework */ = {isa = PBXFileReference; lastKnownFileType = wrapper.framework; name = CoreGraphics.framework; path = System/Library/Frameworks/CoreGraphics.framework; sourceTree = SDKROOT; };
		C0CFD2AF1A8BEFFF006C0446 /* CoreLocation.framework */ = {isa = PBXFileReference; lastKnownFileType = wrapper.framework; name = CoreLocation.framework; path = System/Library/Frameworks/CoreLocation.framework; sourceTree = SDKROOT; };
		C0CFD2B11A8BF00D006C0446 /* MobileCoreServices.framework */ = {isa = PBXFileReference; lastKnownFileType = wrapper.framework; name = MobileCoreServices.framework; path = System/Library/Frameworks/MobileCoreServices.framework; sourceTree = SDKROOT; };
		C0CFD2B31A8BF03D006C0446 /* QuartzCore.framework */ = {isa = PBXFileReference; lastKnownFileType = wrapper.framework; name = QuartzCore.framework; path = System/Library/Frameworks/QuartzCore.framework; sourceTree = SDKROOT; };
		C0CFD2B51A8BF044006C0446 /* Security.framework */ = {isa = PBXFileReference; lastKnownFileType = wrapper.framework; name = Security.framework; path = System/Library/Frameworks/Security.framework; sourceTree = SDKROOT; };
		C0CFD2B71A8BF04E006C0446 /* StoreKit.framework */ = {isa = PBXFileReference; lastKnownFileType = wrapper.framework; name = StoreKit.framework; path = System/Library/Frameworks/StoreKit.framework; sourceTree = SDKROOT; };
		C0CFD2B91A8BF058006C0446 /* SystemConfiguration.framework */ = {isa = PBXFileReference; lastKnownFileType = wrapper.framework; name = SystemConfiguration.framework; path = System/Library/Frameworks/SystemConfiguration.framework; sourceTree = SDKROOT; };
		C0CFD2BB1A8BF069006C0446 /* libz.dylib */ = {isa = PBXFileReference; lastKnownFileType = "compiled.mach-o.dylib"; name = libz.dylib; path = usr/lib/libz.dylib; sourceTree = SDKROOT; };
		C0CFD2BD1A8BF076006C0446 /* libsqlite3.dylib */ = {isa = PBXFileReference; lastKnownFileType = "compiled.mach-o.dylib"; name = libsqlite3.dylib; path = usr/lib/libsqlite3.dylib; sourceTree = SDKROOT; };
		C0CFD2C01A8BF08C006C0446 /* Bolts.framework */ = {isa = PBXFileReference; lastKnownFileType = wrapper.framework; path = Bolts.framework; sourceTree = "<group>"; };
		C0CFD2C11A8BF08C006C0446 /* Parse.framework */ = {isa = PBXFileReference; lastKnownFileType = wrapper.framework; path = Parse.framework; sourceTree = "<group>"; };
		C0CFD2C51A8BF137006C0446 /* RespiremosJuntos-Bridging-Header.h */ = {isa = PBXFileReference; lastKnownFileType = sourcecode.c.h; path = "RespiremosJuntos-Bridging-Header.h"; sourceTree = "<group>"; };
/* End PBXFileReference section */

/* Begin PBXFrameworksBuildPhase section */
		C0158B8F1A8A9B52007F87AB /* Frameworks */ = {
			isa = PBXFrameworksBuildPhase;
			buildActionMask = 2147483647;
			files = (
				C0CFD2BF1A8BF07D006C0446 /* AudioToolbox.framework in Frameworks */,
				C0CFD2BE1A8BF076006C0446 /* libsqlite3.dylib in Frameworks */,
				C0CFD2BC1A8BF069006C0446 /* libz.dylib in Frameworks */,
				C0CFD2C21A8BF08C006C0446 /* Bolts.framework in Frameworks */,
				C0CFD2BA1A8BF058006C0446 /* SystemConfiguration.framework in Frameworks */,
				C0CFD2B81A8BF04E006C0446 /* StoreKit.framework in Frameworks */,
				C0CFD2C31A8BF08D006C0446 /* Parse.framework in Frameworks */,
				C0CFD2B61A8BF044006C0446 /* Security.framework in Frameworks */,
				C06CEB9A1A8CFDF900A71DA1 /* ParseFacebookUtils.framework in Frameworks */,
				C0CFD2B41A8BF03D006C0446 /* QuartzCore.framework in Frameworks */,
				C0CFD2B21A8BF00D006C0446 /* MobileCoreServices.framework in Frameworks */,
				C0CFD2B01A8BEFFF006C0446 /* CoreLocation.framework in Frameworks */,
				C0CFD2AE1A8BEFF6006C0446 /* CoreGraphics.framework in Frameworks */,
				C0CFD2AC1A8BEFEA006C0446 /* CFNetwork.framework in Frameworks */,
				C06CEB981A8C169100A71DA1 /* FacebookSDK.framework in Frameworks */,
			);
			runOnlyForDeploymentPostprocessing = 0;
		};
		C0158BA61A8A9B52007F87AB /* Frameworks */ = {
			isa = PBXFrameworksBuildPhase;
			buildActionMask = 2147483647;
			files = (
			);
			runOnlyForDeploymentPostprocessing = 0;
		};
/* End PBXFrameworksBuildPhase section */

/* Begin PBXGroup section */
		C0158B891A8A9B52007F87AB = {
			isa = PBXGroup;
			children = (
				C0158B941A8A9B52007F87AB /* RespiremosJuntos */,
				C0CFD2AA1A8BEFB8006C0446 /* Frameworks */,
				C0158BAC1A8A9B52007F87AB /* RespiremosJuntosTests */,
				C0158B931A8A9B52007F87AB /* Products */,
			);
			sourceTree = "<group>";
		};
		C0158B931A8A9B52007F87AB /* Products */ = {
			isa = PBXGroup;
			children = (
				C0158B921A8A9B52007F87AB /* RespiremosJuntos.app */,
				C0158BA91A8A9B52007F87AB /* RespiremosJuntosTests.xctest */,
			);
			name = Products;
			sourceTree = "<group>";
		};
		C0158B941A8A9B52007F87AB /* RespiremosJuntos */ = {
			isa = PBXGroup;
			children = (
				C0C4F44B1A8D5D5300E4621C /* LoginViewController.swift */,
				C0C4F44D1A8D5DB200E4621C /* BeneficiosViewController.swift */,
				C0158BBB1A8AA98A007F87AB /* MensajesViewController.swift */,
				C0C4F4581A8D612800E4621C /* AmigosViewController.swift */,
				C0C4F45A1A8D632D00E4621C /* EnviarMensajesViewController.swift */,
				C0C4F44F1A8D5E1D00E4621C /* LugaresViewController.swift */,
				C0C4F4511A8D5EC600E4621C /* AgregarAmigosViewController.swift */,
				C0C4F4551A8D5F2700E4621C /* Cells */,
				C0CFD2C41A8BF0C2006C0446 /* Objective-C */,
				C0158BA01A8A9B52007F87AB /* Images.xcassets */,
				C0C4F4531A8D5F0F00E4621C /* AppDelegate.swift */,
				C0158B9D1A8A9B52007F87AB /* Main.storyboard */,
				C0158BA21A8A9B52007F87AB /* LaunchScreen.xib */,
				C0158B951A8A9B52007F87AB /* Supporting Files */,
			);
			path = RespiremosJuntos;
			sourceTree = "<group>";
		};
		C0158B951A8A9B52007F87AB /* Supporting Files */ = {
			isa = PBXGroup;
			children = (
				C0158B961A8A9B52007F87AB /* Info.plist */,
			);
			name = "Supporting Files";
			sourceTree = "<group>";
		};
		C0158BAC1A8A9B52007F87AB /* RespiremosJuntosTests */ = {
			isa = PBXGroup;
			children = (
				C0158BAF1A8A9B52007F87AB /* RespiremosJuntosTests.swift */,
				C0158BAD1A8A9B52007F87AB /* Supporting Files */,
			);
			path = RespiremosJuntosTests;
			sourceTree = "<group>";
		};
		C0158BAD1A8A9B52007F87AB /* Supporting Files */ = {
			isa = PBXGroup;
			children = (
				C0158BAE1A8A9B52007F87AB /* Info.plist */,
			);
			name = "Supporting Files";
			sourceTree = "<group>";
		};
		C0C4F4551A8D5F2700E4621C /* Cells */ = {
			isa = PBXGroup;
			children = (
				C0158BBD1A8AAFD1007F87AB /* MensajeCell.swift */,
			);
			name = Cells;
			sourceTree = "<group>";
		};
		C0CFD2AA1A8BEFB8006C0446 /* Frameworks */ = {
			isa = PBXGroup;
			children = (
				C06CEB991A8CFDF900A71DA1 /* ParseFacebookUtils.framework */,
				C06CEB971A8C169100A71DA1 /* FacebookSDK.framework */,
				C0CFD2C01A8BF08C006C0446 /* Bolts.framework */,
				C0CFD2C11A8BF08C006C0446 /* Parse.framework */,
				C0CFD2BD1A8BF076006C0446 /* libsqlite3.dylib */,
				C0CFD2BB1A8BF069006C0446 /* libz.dylib */,
				C0CFD2B91A8BF058006C0446 /* SystemConfiguration.framework */,
				C0CFD2B71A8BF04E006C0446 /* StoreKit.framework */,
				C0CFD2B51A8BF044006C0446 /* Security.framework */,
				C0CFD2B31A8BF03D006C0446 /* QuartzCore.framework */,
				C0CFD2B11A8BF00D006C0446 /* MobileCoreServices.framework */,
				C0CFD2AF1A8BEFFF006C0446 /* CoreLocation.framework */,
				C0CFD2AD1A8BEFF6006C0446 /* CoreGraphics.framework */,
				C0CFD2AB1A8BEFEA006C0446 /* CFNetwork.framework */,
				C0CFD2A81A8BEFAF006C0446 /* AudioToolbox.framework */,
			);
			name = Frameworks;
			sourceTree = "<group>";
		};
		C0CFD2C41A8BF0C2006C0446 /* Objective-C */ = {
			isa = PBXGroup;
			children = (
				C0CFD2C51A8BF137006C0446 /* RespiremosJuntos-Bridging-Header.h */,
			);
			name = "Objective-C";
			sourceTree = "<group>";
		};
/* End PBXGroup section */

/* Begin PBXNativeTarget section */
		C0158B911A8A9B52007F87AB /* RespiremosJuntos */ = {
			isa = PBXNativeTarget;
			buildConfigurationList = C0158BB31A8A9B52007F87AB /* Build configuration list for PBXNativeTarget "RespiremosJuntos" */;
			buildPhases = (
				C0158B8E1A8A9B52007F87AB /* Sources */,
				C0158B8F1A8A9B52007F87AB /* Frameworks */,
				C0158B901A8A9B52007F87AB /* Resources */,
			);
			buildRules = (
			);
			dependencies = (
			);
			name = RespiremosJuntos;
			productName = RespiremosJuntos;
			productReference = C0158B921A8A9B52007F87AB /* RespiremosJuntos.app */;
			productType = "com.apple.product-type.application";
		};
		C0158BA81A8A9B52007F87AB /* RespiremosJuntosTests */ = {
			isa = PBXNativeTarget;
			buildConfigurationList = C0158BB61A8A9B52007F87AB /* Build configuration list for PBXNativeTarget "RespiremosJuntosTests" */;
			buildPhases = (
				C0158BA51A8A9B52007F87AB /* Sources */,
				C0158BA61A8A9B52007F87AB /* Frameworks */,
				C0158BA71A8A9B52007F87AB /* Resources */,
			);
			buildRules = (
			);
			dependencies = (
				C0158BAB1A8A9B52007F87AB /* PBXTargetDependency */,
			);
			name = RespiremosJuntosTests;
			productName = RespiremosJuntosTests;
			productReference = C0158BA91A8A9B52007F87AB /* RespiremosJuntosTests.xctest */;
			productType = "com.apple.product-type.bundle.unit-test";
		};
/* End PBXNativeTarget section */

/* Begin PBXProject section */
		C0158B8A1A8A9B52007F87AB /* Project object */ = {
			isa = PBXProject;
			attributes = {
				LastUpgradeCheck = 0610;
				ORGANIZATIONNAME = "Ministerio de Salud";
				TargetAttributes = {
					C0158B911A8A9B52007F87AB = {
						CreatedOnToolsVersion = 6.1.1;
						DevelopmentTeam = 3G6RLSL6TQ;
					};
					C0158BA81A8A9B52007F87AB = {
						CreatedOnToolsVersion = 6.1.1;
						TestTargetID = C0158B911A8A9B52007F87AB;
					};
				};
			};
			buildConfigurationList = C0158B8D1A8A9B52007F87AB /* Build configuration list for PBXProject "RespiremosJuntos" */;
			compatibilityVersion = "Xcode 3.2";
			developmentRegion = English;
			hasScannedForEncodings = 0;
			knownRegions = (
				en,
				Base,
			);
			mainGroup = C0158B891A8A9B52007F87AB;
			productRefGroup = C0158B931A8A9B52007F87AB /* Products */;
			projectDirPath = "";
			projectRoot = "";
			targets = (
				C0158B911A8A9B52007F87AB /* RespiremosJuntos */,
				C0158BA81A8A9B52007F87AB /* RespiremosJuntosTests */,
			);
		};
/* End PBXProject section */

/* Begin PBXResourcesBuildPhase section */
		C0158B901A8A9B52007F87AB /* Resources */ = {
			isa = PBXResourcesBuildPhase;
			buildActionMask = 2147483647;
			files = (
				C0158B9F1A8A9B52007F87AB /* Main.storyboard in Resources */,
				C0158BA41A8A9B52007F87AB /* LaunchScreen.xib in Resources */,
				C0158BA11A8A9B52007F87AB /* Images.xcassets in Resources */,
			);
			runOnlyForDeploymentPostprocessing = 0;
		};
		C0158BA71A8A9B52007F87AB /* Resources */ = {
			isa = PBXResourcesBuildPhase;
			buildActionMask = 2147483647;
			files = (
			);
			runOnlyForDeploymentPostprocessing = 0;
		};
/* End PBXResourcesBuildPhase section */

/* Begin PBXSourcesBuildPhase section */
		C0158B8E1A8A9B52007F87AB /* Sources */ = {
			isa = PBXSourcesBuildPhase;
			buildActionMask = 2147483647;
			files = (
				C0C4F45B1A8D632D00E4621C /* EnviarMensajesViewController.swift in Sources */,
				C0C4F4541A8D5F0F00E4621C /* AppDelegate.swift in Sources */,
				C0C4F4501A8D5E1D00E4621C /* LugaresViewController.swift in Sources */,
				C0C4F4521A8D5EC600E4621C /* AgregarAmigosViewController.swift in Sources */,
				C0C4F44C1A8D5D5300E4621C /* LoginViewController.swift in Sources */,
				C0C4F4591A8D612800E4621C /* AmigosViewController.swift in Sources */,
				C0158BBC1A8AA98A007F87AB /* MensajesViewController.swift in Sources */,
				C0C4F44E1A8D5DB200E4621C /* BeneficiosViewController.swift in Sources */,
				C0158BBE1A8AAFD1007F87AB /* MensajeCell.swift in Sources */,
			);
			runOnlyForDeploymentPostprocessing = 0;
		};
		C0158BA51A8A9B52007F87AB /* Sources */ = {
			isa = PBXSourcesBuildPhase;
			buildActionMask = 2147483647;
			files = (
				C0158BB01A8A9B52007F87AB /* RespiremosJuntosTests.swift in Sources */,
			);
			runOnlyForDeploymentPostprocessing = 0;
		};
/* End PBXSourcesBuildPhase section */

/* Begin PBXTargetDependency section */
		C0158BAB1A8A9B52007F87AB /* PBXTargetDependency */ = {
			isa = PBXTargetDependency;
			target = C0158B911A8A9B52007F87AB /* RespiremosJuntos */;
			targetProxy = C0158BAA1A8A9B52007F87AB /* PBXContainerItemProxy */;
		};
/* End PBXTargetDependency section */

/* Begin PBXVariantGroup section */
		C0158B9D1A8A9B52007F87AB /* Main.storyboard */ = {
			isa = PBXVariantGroup;
			children = (
				C0158B9E1A8A9B52007F87AB /* Base */,
			);
			name = Main.storyboard;
			sourceTree = "<group>";
		};
		C0158BA21A8A9B52007F87AB /* LaunchScreen.xib */ = {
			isa = PBXVariantGroup;
			children = (
				C0158BA31A8A9B52007F87AB /* Base */,
			);
			name = LaunchScreen.xib;
			sourceTree = "<group>";
		};
/* End PBXVariantGroup section */

/* Begin XCBuildConfiguration section */
		C0158BB11A8A9B52007F87AB /* Debug */ = {
			isa = XCBuildConfiguration;
			buildSettings = {
				ALWAYS_SEARCH_USER_PATHS = NO;
				CLANG_CXX_LANGUAGE_STANDARD = "gnu++0x";
				CLANG_CXX_LIBRARY = "libc++";
				CLANG_ENABLE_MODULES = YES;
				CLANG_ENABLE_OBJC_ARC = YES;
				CLANG_WARN_BOOL_CONVERSION = YES;
				CLANG_WARN_CONSTANT_CONVERSION = YES;
				CLANG_WARN_DIRECT_OBJC_ISA_USAGE = YES_ERROR;
				CLANG_WARN_EMPTY_BODY = YES;
				CLANG_WARN_ENUM_CONVERSION = YES;
				CLANG_WARN_INT_CONVERSION = YES;
				CLANG_WARN_OBJC_ROOT_CLASS = YES_ERROR;
				CLANG_WARN_UNREACHABLE_CODE = YES;
				CLANG_WARN__DUPLICATE_METHOD_MATCH = YES;
				"CODE_SIGN_IDENTITY[sdk=iphoneos*]" = "iPhone Developer";
				COPY_PHASE_STRIP = NO;
				ENABLE_STRICT_OBJC_MSGSEND = YES;
				GCC_C_LANGUAGE_STANDARD = gnu99;
				GCC_DYNAMIC_NO_PIC = NO;
				GCC_OPTIMIZATION_LEVEL = 0;
				GCC_PREPROCESSOR_DEFINITIONS = (
					"DEBUG=1",
					"$(inherited)",
				);
				GCC_SYMBOLS_PRIVATE_EXTERN = NO;
				GCC_WARN_64_TO_32_BIT_CONVERSION = YES;
				GCC_WARN_ABOUT_RETURN_TYPE = YES_ERROR;
				GCC_WARN_UNDECLARED_SELECTOR = YES;
				GCC_WARN_UNINITIALIZED_AUTOS = YES_AGGRESSIVE;
				GCC_WARN_UNUSED_FUNCTION = YES;
				GCC_WARN_UNUSED_VARIABLE = YES;
				IPHONEOS_DEPLOYMENT_TARGET = 8.1;
				MTL_ENABLE_DEBUG_INFO = YES;
				ONLY_ACTIVE_ARCH = YES;
				SDKROOT = iphoneos;
				SWIFT_OPTIMIZATION_LEVEL = "-Onone";
				TARGETED_DEVICE_FAMILY = "1,2";
			};
			name = Debug;
		};
		C0158BB21A8A9B52007F87AB /* Release */ = {
			isa = XCBuildConfiguration;
			buildSettings = {
				ALWAYS_SEARCH_USER_PATHS = NO;
				CLANG_CXX_LANGUAGE_STANDARD = "gnu++0x";
				CLANG_CXX_LIBRARY = "libc++";
				CLANG_ENABLE_MODULES = YES;
				CLANG_ENABLE_OBJC_ARC = YES;
				CLANG_WARN_BOOL_CONVERSION = YES;
				CLANG_WARN_CONSTANT_CONVERSION = YES;
				CLANG_WARN_DIRECT_OBJC_ISA_USAGE = YES_ERROR;
				CLANG_WARN_EMPTY_BODY = YES;
				CLANG_WARN_ENUM_CONVERSION = YES;
				CLANG_WARN_INT_CONVERSION = YES;
				CLANG_WARN_OBJC_ROOT_CLASS = YES_ERROR;
				CLANG_WARN_UNREACHABLE_CODE = YES;
				CLANG_WARN__DUPLICATE_METHOD_MATCH = YES;
				"CODE_SIGN_IDENTITY[sdk=iphoneos*]" = "iPhone Developer";
				COPY_PHASE_STRIP = YES;
				ENABLE_NS_ASSERTIONS = NO;
				ENABLE_STRICT_OBJC_MSGSEND = YES;
				GCC_C_LANGUAGE_STANDARD = gnu99;
				GCC_WARN_64_TO_32_BIT_CONVERSION = YES;
				GCC_WARN_ABOUT_RETURN_TYPE = YES_ERROR;
				GCC_WARN_UNDECLARED_SELECTOR = YES;
				GCC_WARN_UNINITIALIZED_AUTOS = YES_AGGRESSIVE;
				GCC_WARN_UNUSED_FUNCTION = YES;
				GCC_WARN_UNUSED_VARIABLE = YES;
				IPHONEOS_DEPLOYMENT_TARGET = 8.1;
				MTL_ENABLE_DEBUG_INFO = NO;
				SDKROOT = iphoneos;
				TARGETED_DEVICE_FAMILY = "1,2";
				VALIDATE_PRODUCT = YES;
			};
			name = Release;
		};
		C0158BB41A8A9B52007F87AB /* Debug */ = {
			isa = XCBuildConfiguration;
			buildSettings = {
				ASSETCATALOG_COMPILER_APPICON_NAME = AppIcon;
				CLANG_ENABLE_MODULES = YES;
				FRAMEWORK_SEARCH_PATHS = (
					"$(inherited)",
					"$(PROJECT_DIR)/RespiremosJuntos/parse-library-1.6.2",
					"$(PROJECT_DIR)",
					/Users/gabriel/Documents/FacebookSDK,
				);
				INFOPLIST_FILE = RespiremosJuntos/Info.plist;
				LD_RUNPATH_SEARCH_PATHS = "$(inherited) @executable_path/Frameworks";
				PRODUCT_NAME = "$(TARGET_NAME)";
				SWIFT_OBJC_BRIDGING_HEADER = "RespiremosJuntos/RespiremosJuntos-Bridging-Header.h";
				SWIFT_OPTIMIZATION_LEVEL = "-Onone";
			};
			name = Debug;
		};
		C0158BB51A8A9B52007F87AB /* Release */ = {
			isa = XCBuildConfiguration;
			buildSettings = {
				ASSETCATALOG_COMPILER_APPICON_NAME = AppIcon;
				CLANG_ENABLE_MODULES = YES;
				FRAMEWORK_SEARCH_PATHS = (
					"$(inherited)",
					"$(PROJECT_DIR)/RespiremosJuntos/parse-library-1.6.2",
					"$(PROJECT_DIR)",
					/Users/gabriel/Documents/FacebookSDK,
				);
				INFOPLIST_FILE = RespiremosJuntos/Info.plist;
				LD_RUNPATH_SEARCH_PATHS = "$(inherited) @executable_path/Frameworks";
				PRODUCT_NAME = "$(TARGET_NAME)";
				SWIFT_OBJC_BRIDGING_HEADER = "RespiremosJuntos/RespiremosJuntos-Bridging-Header.h";
			};
			name = Release;
		};
		C0158BB71A8A9B52007F87AB /* Debug */ = {
			isa = XCBuildConfiguration;
			buildSettings = {
				BUNDLE_LOADER = "$(TEST_HOST)";
				FRAMEWORK_SEARCH_PATHS = (
					"$(SDKROOT)/Developer/Library/Frameworks",
					"$(inherited)",
				);
				GCC_PREPROCESSOR_DEFINITIONS = (
					"DEBUG=1",
					"$(inherited)",
				);
				INFOPLIST_FILE = RespiremosJuntosTests/Info.plist;
				LD_RUNPATH_SEARCH_PATHS = "$(inherited) @executable_path/Frameworks @loader_path/Frameworks";
				PRODUCT_NAME = "$(TARGET_NAME)";
				TEST_HOST = "$(BUILT_PRODUCTS_DIR)/RespiremosJuntos.app/RespiremosJuntos";
			};
			name = Debug;
		};
		C0158BB81A8A9B52007F87AB /* Release */ = {
			isa = XCBuildConfiguration;
			buildSettings = {
				BUNDLE_LOADER = "$(TEST_HOST)";
				FRAMEWORK_SEARCH_PATHS = (
					"$(SDKROOT)/Developer/Library/Frameworks",
					"$(inherited)",
				);
				INFOPLIST_FILE = RespiremosJuntosTests/Info.plist;
				LD_RUNPATH_SEARCH_PATHS = "$(inherited) @executable_path/Frameworks @loader_path/Frameworks";
				PRODUCT_NAME = "$(TARGET_NAME)";
				TEST_HOST = "$(BUILT_PRODUCTS_DIR)/RespiremosJuntos.app/RespiremosJuntos";
			};
			name = Release;
		};
/* End XCBuildConfiguration section */

/* Begin XCConfigurationList section */
		C0158B8D1A8A9B52007F87AB /* Build configuration list for PBXProject "RespiremosJuntos" */ = {
			isa = XCConfigurationList;
			buildConfigurations = (
				C0158BB11A8A9B52007F87AB /* Debug */,
				C0158BB21A8A9B52007F87AB /* Release */,
			);
			defaultConfigurationIsVisible = 0;
			defaultConfigurationName = Release;
		};
		C0158BB31A8A9B52007F87AB /* Build configuration list for PBXNativeTarget "RespiremosJuntos" */ = {
			isa = XCConfigurationList;
			buildConfigurations = (
				C0158BB41A8A9B52007F87AB /* Debug */,
				C0158BB51A8A9B52007F87AB /* Release */,
			);
			defaultConfigurationIsVisible = 0;
			defaultConfigurationName = Release;
		};
		C0158BB61A8A9B52007F87AB /* Build configuration list for PBXNativeTarget "RespiremosJuntosTests" */ = {
			isa = XCConfigurationList;
			buildConfigurations = (
				C0158BB71A8A9B52007F87AB /* Debug */,
				C0158BB81A8A9B52007F87AB /* Release */,
			);
			defaultConfigurationIsVisible = 0;
			defaultConfigurationName = Release;
		};
/* End XCConfigurationList section */
	};
	rootObject = C0158B8A1A8A9B52007F87AB /* Project object */;
}
